// !$*UTF8*$!
{
	archiveVersion = 1;
	classes = {
	};
	objectVersion = 55;
	objects = {

/* Begin PBXBuildFile section */
		654AD979285F421E00040655 /* MembersClView.swift in Sources */ = {isa = PBXBuildFile; fileRef = 654AD978285F421E00040655 /* MembersClView.swift */; };
		654AD97B285F654400040655 /* HeaderViews.swift in Sources */ = {isa = PBXBuildFile; fileRef = 654AD97A285F654400040655 /* HeaderViews.swift */; };
		6555D2D8285A8E1700CB4001 /* .gitignore in Resources */ = {isa = PBXBuildFile; fileRef = 6555D2D7285A8E1700CB4001 /* .gitignore */; };
		659F3B412865D64500F233FA /* SettingsViewController.swift in Sources */ = {isa = PBXBuildFile; fileRef = 659F3B402865D64500F233FA /* SettingsViewController.swift */; };
		659F3B4428672D1200F233FA /* UIcolor + Extention.swift in Sources */ = {isa = PBXBuildFile; fileRef = 659F3B4328672D1200F233FA /* UIcolor + Extention.swift */; };
		659F3B4628688F8F00F233FA /* UserDef&Themes.swift in Sources */ = {isa = PBXBuildFile; fileRef = 659F3B4528688F8F00F233FA /* UserDef&Themes.swift */; };
		659F3B482868B98200F233FA /* CollectionCell.swift in Sources */ = {isa = PBXBuildFile; fileRef = 659F3B472868B98200F233FA /* CollectionCell.swift */; };
		65B83B70285B3CA8008F7F02 /* NavigationController.swift in Sources */ = {isa = PBXBuildFile; fileRef = 65B83B6F285B3CA8008F7F02 /* NavigationController.swift */; };
		65F75E972853BDE1002AE5E8 /* AppDelegate.swift in Sources */ = {isa = PBXBuildFile; fileRef = 65F75E962853BDE1002AE5E8 /* AppDelegate.swift */; };
		65F75E9B2853BDE1002AE5E8 /* MainViewController.swift in Sources */ = {isa = PBXBuildFile; fileRef = 65F75E9A2853BDE1002AE5E8 /* MainViewController.swift */; };
		65F75EA32853BDE3002AE5E8 /* Assets.xcassets in Resources */ = {isa = PBXBuildFile; fileRef = 65F75EA22853BDE3002AE5E8 /* Assets.xcassets */; };
		65FFC086285D19DE00D9A8A0 /* Models.swift in Sources */ = {isa = PBXBuildFile; fileRef = 65FFC085285D19DE00D9A8A0 /* Models.swift */; };
/* End PBXBuildFile section */

/* Begin PBXFileReference section */
		654AD978285F421E00040655 /* MembersClView.swift */ = {isa = PBXFileReference; lastKnownFileType = sourcecode.swift; path = MembersClView.swift; sourceTree = "<group>"; };
		654AD97A285F654400040655 /* HeaderViews.swift */ = {isa = PBXFileReference; lastKnownFileType = sourcecode.swift; path = HeaderViews.swift; sourceTree = "<group>"; };
		6555D2D7285A8E1700CB4001 /* .gitignore */ = {isa = PBXFileReference; lastKnownFileType = text; path = .gitignore; sourceTree = "<group>"; };
		659F3B402865D64500F233FA /* SettingsViewController.swift */ = {isa = PBXFileReference; lastKnownFileType = sourcecode.swift; path = SettingsViewController.swift; sourceTree = "<group>"; };
		659F3B4328672D1200F233FA /* UIcolor + Extention.swift */ = {isa = PBXFileReference; lastKnownFileType = sourcecode.swift; path = "UIcolor + Extention.swift"; sourceTree = "<group>"; };
		659F3B4528688F8F00F233FA /* UserDef&Themes.swift */ = {isa = PBXFileReference; lastKnownFileType = sourcecode.swift; path = "UserDef&Themes.swift"; sourceTree = "<group>"; };
		659F3B472868B98200F233FA /* CollectionCell.swift */ = {isa = PBXFileReference; lastKnownFileType = sourcecode.swift; path = CollectionCell.swift; sourceTree = "<group>"; };
		65B83B6F285B3CA8008F7F02 /* NavigationController.swift */ = {isa = PBXFileReference; lastKnownFileType = sourcecode.swift; path = NavigationController.swift; sourceTree = "<group>"; };
		65F75E932853BDE1002AE5E8 /* TableCollectionView.app */ = {isa = PBXFileReference; explicitFileType = wrapper.application; includeInIndex = 0; path = TableCollectionView.app; sourceTree = BUILT_PRODUCTS_DIR; };
		65F75E962853BDE1002AE5E8 /* AppDelegate.swift */ = {isa = PBXFileReference; lastKnownFileType = sourcecode.swift; path = AppDelegate.swift; sourceTree = "<group>"; };
		65F75E9A2853BDE1002AE5E8 /* MainViewController.swift */ = {isa = PBXFileReference; lastKnownFileType = sourcecode.swift; path = MainViewController.swift; sourceTree = "<group>"; };
		65F75EA22853BDE3002AE5E8 /* Assets.xcassets */ = {isa = PBXFileReference; lastKnownFileType = folder.assetcatalog; path = Assets.xcassets; sourceTree = "<group>"; };
		65F75EA72853BDE3002AE5E8 /* Info.plist */ = {isa = PBXFileReference; lastKnownFileType = text.plist.xml; path = Info.plist; sourceTree = "<group>"; };
		65FFC085285D19DE00D9A8A0 /* Models.swift */ = {isa = PBXFileReference; lastKnownFileType = sourcecode.swift; path = Models.swift; sourceTree = "<group>"; };
/* End PBXFileReference section */

/* Begin PBXFrameworksBuildPhase section */
		65F75E902853BDE1002AE5E8 /* Frameworks */ = {
			isa = PBXFrameworksBuildPhase;
			buildActionMask = 2147483647;
			files = (
			);
			runOnlyForDeploymentPostprocessing = 0;
		};
/* End PBXFrameworksBuildPhase section */

/* Begin PBXGroup section */
		654AD977285F41C000040655 /* TableViewCells & Headers */ = {
			isa = PBXGroup;
			children = (
				654AD978285F421E00040655 /* MembersClView.swift */,
				659F3B472868B98200F233FA /* CollectionCell.swift */,
				654AD97A285F654400040655 /* HeaderViews.swift */,
			);
			path = "TableViewCells & Headers";
			sourceTree = "<group>";
		};
		659F3B4228672CE200F233FA /* Extentions */ = {
			isa = PBXGroup;
			children = (
				659F3B4328672D1200F233FA /* UIcolor + Extention.swift */,
				659F3B4528688F8F00F233FA /* UserDef&Themes.swift */,
			);
			path = Extentions;
			sourceTree = "<group>";
		};
		65F75E8A2853BDE1002AE5E8 = {
			isa = PBXGroup;
			children = (
				6555D2D7285A8E1700CB4001 /* .gitignore */,
				65F75E952853BDE1002AE5E8 /* TableCollectionView */,
				65F75E942853BDE1002AE5E8 /* Products */,
			);
			sourceTree = "<group>";
		};
		65F75E942853BDE1002AE5E8 /* Products */ = {
			isa = PBXGroup;
			children = (
				65F75E932853BDE1002AE5E8 /* TableCollectionView.app */,
			);
			name = Products;
			sourceTree = "<group>";
		};
		65F75E952853BDE1002AE5E8 /* TableCollectionView */ = {
			isa = PBXGroup;
			children = (
				659F3B4228672CE200F233FA /* Extentions */,
				65FFC081285D171F00D9A8A0 /* App */,
				65FFC082285D175800D9A8A0 /* ViewControllers */,
				654AD977285F41C000040655 /* TableViewCells & Headers */,
				65FFC083285D176F00D9A8A0 /* Models */,
				65FFC084285D177E00D9A8A0 /* Resourses */,
			);
			path = TableCollectionView;
			sourceTree = "<group>";
		};
		65FFC081285D171F00D9A8A0 /* App */ = {
			isa = PBXGroup;
			children = (
				65F75E962853BDE1002AE5E8 /* AppDelegate.swift */,
				65F75EA72853BDE3002AE5E8 /* Info.plist */,
			);
			path = App;
			sourceTree = "<group>";
		};
		65FFC082285D175800D9A8A0 /* ViewControllers */ = {
			isa = PBXGroup;
			children = (
				65B83B6F285B3CA8008F7F02 /* NavigationController.swift */,
				659F3B402865D64500F233FA /* SettingsViewController.swift */,
				65F75E9A2853BDE1002AE5E8 /* MainViewController.swift */,
			);
			path = ViewControllers;
			sourceTree = "<group>";
		};
		65FFC083285D176F00D9A8A0 /* Models */ = {
			isa = PBXGroup;
			children = (
				65FFC085285D19DE00D9A8A0 /* Models.swift */,
			);
			path = Models;
			sourceTree = "<group>";
		};
		65FFC084285D177E00D9A8A0 /* Resourses */ = {
			isa = PBXGroup;
			children = (
				65F75EA22853BDE3002AE5E8 /* Assets.xcassets */,
			);
			path = Resourses;
			sourceTree = "<group>";
		};
/* End PBXGroup section */

/* Begin PBXNativeTarget section */
		65F75E922853BDE1002AE5E8 /* TableCollectionView */ = {
			isa = PBXNativeTarget;
			buildConfigurationList = 65F75EAA2853BDE3002AE5E8 /* Build configuration list for PBXNativeTarget "TableCollectionView" */;
			buildPhases = (
				65F75E8F2853BDE1002AE5E8 /* Sources */,
				65F75E902853BDE1002AE5E8 /* Frameworks */,
				65F75E912853BDE1002AE5E8 /* Resources */,
			);
			buildRules = (
			);
			dependencies = (
			);
			name = TableCollectionView;
			productName = PinkTableView;
			productReference = 65F75E932853BDE1002AE5E8 /* TableCollectionView.app */;
			productType = "com.apple.product-type.application";
		};
/* End PBXNativeTarget section */

/* Begin PBXProject section */
		65F75E8B2853BDE1002AE5E8 /* Project object */ = {
			isa = PBXProject;
			attributes = {
				BuildIndependentTargetsInParallel = 1;
				LastSwiftUpdateCheck = 1330;
				LastUpgradeCheck = 1330;
				TargetAttributes = {
					65F75E922853BDE1002AE5E8 = {
						CreatedOnToolsVersion = 13.3.1;
					};
				};
			};
			buildConfigurationList = 65F75E8E2853BDE1002AE5E8 /* Build configuration list for PBXProject "TableCollectionView" */;
			compatibilityVersion = "Xcode 13.0";
			developmentRegion = en;
			hasScannedForEncodings = 0;
			knownRegions = (
				en,
				Base,
			);
			mainGroup = 65F75E8A2853BDE1002AE5E8;
			productRefGroup = 65F75E942853BDE1002AE5E8 /* Products */;
			projectDirPath = "";
			projectRoot = "";
			targets = (
				65F75E922853BDE1002AE5E8 /* TableCollectionView */,
			);
		};
/* End PBXProject section */

/* Begin PBXResourcesBuildPhase section */
		65F75E912853BDE1002AE5E8 /* Resources */ = {
			isa = PBXResourcesBuildPhase;
			buildActionMask = 2147483647;
			files = (
				6555D2D8285A8E1700CB4001 /* .gitignore in Resources */,
				65F75EA32853BDE3002AE5E8 /* Assets.xcassets in Resources */,
			);
			runOnlyForDeploymentPostprocessing = 0;
		};
/* End PBXResourcesBuildPhase section */

/* Begin PBXSourcesBuildPhase section */
		65F75E8F2853BDE1002AE5E8 /* Sources */ = {
			isa = PBXSourcesBuildPhase;
			buildActionMask = 2147483647;
			files = (
				65F75E9B2853BDE1002AE5E8 /* MainViewController.swift in Sources */,
				65B83B70285B3CA8008F7F02 /* NavigationController.swift in Sources */,
				659F3B4428672D1200F233FA /* UIcolor + Extention.swift in Sources */,
				659F3B412865D64500F233FA /* SettingsViewController.swift in Sources */,
				654AD979285F421E00040655 /* MembersClView.swift in Sources */,
				65F75E972853BDE1002AE5E8 /* AppDelegate.swift in Sources */,
				659F3B4628688F8F00F233FA /* UserDef&Themes.swift in Sources */,
				654AD97B285F654400040655 /* HeaderViews.swift in Sources */,
				65FFC086285D19DE00D9A8A0 /* Models.swift in Sources */,
				659F3B482868B98200F233FA /* CollectionCell.swift in Sources */,
			);
			runOnlyForDeploymentPostprocessing = 0;
		};
/* End PBXSourcesBuildPhase section */

/* Begin XCBuildConfiguration section */
		65F75EA82853BDE3002AE5E8 /* Debug */ = {
			isa = XCBuildConfiguration;
			buildSettings = {
				ALWAYS_SEARCH_USER_PATHS = NO;
				CLANG_ANALYZER_NONNULL = YES;
				CLANG_ANALYZER_NUMBER_OBJECT_CONVERSION = YES_AGGRESSIVE;
				CLANG_CXX_LANGUAGE_STANDARD = "gnu++17";
				CLANG_ENABLE_MODULES = YES;
				CLANG_ENABLE_OBJC_ARC = YES;
				CLANG_ENABLE_OBJC_WEAK = YES;
				CLANG_WARN_BLOCK_CAPTURE_AUTORELEASING = YES;
				CLANG_WARN_BOOL_CONVERSION = YES;
				CLANG_WARN_COMMA = YES;
				CLANG_WARN_CONSTANT_CONVERSION = YES;
				CLANG_WARN_DEPRECATED_OBJC_IMPLEMENTATIONS = YES;
				CLANG_WARN_DIRECT_OBJC_ISA_USAGE = YES_ERROR;
				CLANG_WARN_DOCUMENTATION_COMMENTS = YES;
				CLANG_WARN_EMPTY_BODY = YES;
				CLANG_WARN_ENUM_CONVERSION = YES;
				CLANG_WARN_INFINITE_RECURSION = YES;
				CLANG_WARN_INT_CONVERSION = YES;
				CLANG_WARN_NON_LITERAL_NULL_CONVERSION = YES;
				CLANG_WARN_OBJC_IMPLICIT_RETAIN_SELF = YES;
				CLANG_WARN_OBJC_LITERAL_CONVERSION = YES;
				CLANG_WARN_OBJC_ROOT_CLASS = YES_ERROR;
				CLANG_WARN_QUOTED_INCLUDE_IN_FRAMEWORK_HEADER = YES;
				CLANG_WARN_RANGE_LOOP_ANALYSIS = YES;
				CLANG_WARN_STRICT_PROTOTYPES = YES;
				CLANG_WARN_SUSPICIOUS_MOVE = YES;
				CLANG_WARN_UNGUARDED_AVAILABILITY = YES_AGGRESSIVE;
				CLANG_WARN_UNREACHABLE_CODE = YES;
				CLANG_WARN__DUPLICATE_METHOD_MATCH = YES;
				COPY_PHASE_STRIP = NO;
				DEBUG_INFORMATION_FORMAT = dwarf;
				ENABLE_STRICT_OBJC_MSGSEND = YES;
				ENABLE_TESTABILITY = YES;
				GCC_C_LANGUAGE_STANDARD = gnu11;
				GCC_DYNAMIC_NO_PIC = NO;
				GCC_NO_COMMON_BLOCKS = YES;
				GCC_OPTIMIZATION_LEVEL = 0;
				GCC_PREPROCESSOR_DEFINITIONS = (
					"DEBUG=1",
					"$(inherited)",
				);
				GCC_WARN_64_TO_32_BIT_CONVERSION = YES;
				GCC_WARN_ABOUT_RETURN_TYPE = YES_ERROR;
				GCC_WARN_UNDECLARED_SELECTOR = YES;
				GCC_WARN_UNINITIALIZED_AUTOS = YES_AGGRESSIVE;
				GCC_WARN_UNUSED_FUNCTION = YES;
				GCC_WARN_UNUSED_VARIABLE = YES;
				IPHONEOS_DEPLOYMENT_TARGET = 15.4;
				MTL_ENABLE_DEBUG_INFO = INCLUDE_SOURCE;
				MTL_FAST_MATH = YES;
				ONLY_ACTIVE_ARCH = YES;
				SDKROOT = iphoneos;
				SWIFT_ACTIVE_COMPILATION_CONDITIONS = DEBUG;
				SWIFT_OPTIMIZATION_LEVEL = "-Onone";
			};
			name = Debug;
		};
		65F75EA92853BDE3002AE5E8 /* Release */ = {
			isa = XCBuildConfiguration;
			buildSettings = {
				ALWAYS_SEARCH_USER_PATHS = NO;
				CLANG_ANALYZER_NONNULL = YES;
				CLANG_ANALYZER_NUMBER_OBJECT_CONVERSION = YES_AGGRESSIVE;
				CLANG_CXX_LANGUAGE_STANDARD = "gnu++17";
				CLANG_ENABLE_MODULES = YES;
				CLANG_ENABLE_OBJC_ARC = YES;
				CLANG_ENABLE_OBJC_WEAK = YES;
				CLANG_WARN_BLOCK_CAPTURE_AUTORELEASING = YES;
				CLANG_WARN_BOOL_CONVERSION = YES;
				CLANG_WARN_COMMA = YES;
				CLANG_WARN_CONSTANT_CONVERSION = YES;
				CLANG_WARN_DEPRECATED_OBJC_IMPLEMENTATIONS = YES;
				CLANG_WARN_DIRECT_OBJC_ISA_USAGE = YES_ERROR;
				CLANG_WARN_DOCUMENTATION_COMMENTS = YES;
				CLANG_WARN_EMPTY_BODY = YES;
				CLANG_WARN_ENUM_CONVERSION = YES;
				CLANG_WARN_INFINITE_RECURSION = YES;
				CLANG_WARN_INT_CONVERSION = YES;
				CLANG_WARN_NON_LITERAL_NULL_CONVERSION = YES;
				CLANG_WARN_OBJC_IMPLICIT_RETAIN_SELF = YES;
				CLANG_WARN_OBJC_LITERAL_CONVERSION = YES;
				CLANG_WARN_OBJC_ROOT_CLASS = YES_ERROR;
				CLANG_WARN_QUOTED_INCLUDE_IN_FRAMEWORK_HEADER = YES;
				CLANG_WARN_RANGE_LOOP_ANALYSIS = YES;
				CLANG_WARN_STRICT_PROTOTYPES = YES;
				CLANG_WARN_SUSPICIOUS_MOVE = YES;
				CLANG_WARN_UNGUARDED_AVAILABILITY = YES_AGGRESSIVE;
				CLANG_WARN_UNREACHABLE_CODE = YES;
				CLANG_WARN__DUPLICATE_METHOD_MATCH = YES;
				COPY_PHASE_STRIP = NO;
				DEBUG_INFORMATION_FORMAT = "dwarf-with-dsym";
				ENABLE_NS_ASSERTIONS = NO;
				ENABLE_STRICT_OBJC_MSGSEND = YES;
				GCC_C_LANGUAGE_STANDARD = gnu11;
				GCC_NO_COMMON_BLOCKS = YES;
				GCC_WARN_64_TO_32_BIT_CONVERSION = YES;
				GCC_WARN_ABOUT_RETURN_TYPE = YES_ERROR;
				GCC_WARN_UNDECLARED_SELECTOR = YES;
				GCC_WARN_UNINITIALIZED_AUTOS = YES_AGGRESSIVE;
				GCC_WARN_UNUSED_FUNCTION = YES;
				GCC_WARN_UNUSED_VARIABLE = YES;
				IPHONEOS_DEPLOYMENT_TARGET = 15.4;
				MTL_ENABLE_DEBUG_INFO = NO;
				MTL_FAST_MATH = YES;
				SDKROOT = iphoneos;
				SWIFT_COMPILATION_MODE = wholemodule;
				SWIFT_OPTIMIZATION_LEVEL = "-O";
				VALIDATE_PRODUCT = YES;
			};
			name = Release;
		};
		65F75EAB2853BDE3002AE5E8 /* Debug */ = {
			isa = XCBuildConfiguration;
			buildSettings = {
				ASSETCATALOG_COMPILER_APPICON_NAME = AppIcon;
				ASSETCATALOG_COMPILER_GLOBAL_ACCENT_COLOR_NAME = AccentColor;
				CODE_SIGN_STYLE = Automatic;
				CURRENT_PROJECT_VERSION = 1;
				GENERATE_INFOPLIST_FILE = YES;
				INFOPLIST_FILE = TableCollectionView/App/Info.plist;
				INFOPLIST_KEY_UIApplicationSupportsIndirectInputEvents = YES;
				INFOPLIST_KEY_UILaunchStoryboardName = LaunchScreen;
				INFOPLIST_KEY_UISupportedInterfaceOrientations = UIInterfaceOrientationPortrait;
				INFOPLIST_KEY_UISupportedInterfaceOrientations_iPad = "UIInterfaceOrientationPortrait UIInterfaceOrientationPortraitUpsideDown UIInterfaceOrientationLandscapeLeft UIInterfaceOrientationLandscapeRight";
				INFOPLIST_KEY_UISupportedInterfaceOrientations_iPhone = "UIInterfaceOrientationPortrait UIInterfaceOrientationLandscapeLeft UIInterfaceOrientationLandscapeRight";
				LD_RUNPATH_SEARCH_PATHS = (
					"$(inherited)",
					"@executable_path/Frameworks",
				);
				MARKETING_VERSION = 1.0;
				PRODUCT_BUNDLE_IDENTIFIER = no.TableCollectionView;
				PRODUCT_NAME = "$(TARGET_NAME)";
				SWIFT_EMIT_LOC_STRINGS = YES;
				SWIFT_VERSION = 5.0;
				TARGETED_DEVICE_FAMILY = 1;
			};
			name = Debug;
		};
		65F75EAC2853BDE3002AE5E8 /* Release */ = {
			isa = XCBuildConfiguration;
			buildSettings = {
				ASSETCATALOG_COMPILER_APPICON_NAME = AppIcon;
				ASSETCATALOG_COMPILER_GLOBAL_ACCENT_COLOR_NAME = AccentColor;
				CODE_SIGN_STYLE = Automatic;
				CURRENT_PROJECT_VERSION = 1;
				GENERATE_INFOPLIST_FILE = YES;
				INFOPLIST_FILE = TableCollectionView/App/Info.plist;
				INFOPLIST_KEY_UIApplicationSupportsIndirectInputEvents = YES;
				INFOPLIST_KEY_UILaunchStoryboardName = LaunchScreen;
				INFOPLIST_KEY_UISupportedInterfaceOrientations = UIInterfaceOrientationPortrait;
				INFOPLIST_KEY_UISupportedInterfaceOrientations_iPad = "UIInterfaceOrientationPortrait UIInterfaceOrientationPortraitUpsideDown UIInterfaceOrientationLandscapeLeft UIInterfaceOrientationLandscapeRight";
				INFOPLIST_KEY_UISupportedInterfaceOrientations_iPhone = "UIInterfaceOrientationPortrait UIInterfaceOrientationLandscapeLeft UIInterfaceOrientationLandscapeRight";
				LD_RUNPATH_SEARCH_PATHS = (
					"$(inherited)",
					"@executable_path/Frameworks",
				);
				MARKETING_VERSION = 1.0;
				PRODUCT_BUNDLE_IDENTIFIER = no.TableCollectionView;
				PRODUCT_NAME = "$(TARGET_NAME)";
				SWIFT_EMIT_LOC_STRINGS = YES;
				SWIFT_VERSION = 5.0;
				TARGETED_DEVICE_FAMILY = 1;
			};
			name = Release;
		};
/* End XCBuildConfiguration section */

/* Begin XCConfigurationList section */
		65F75E8E2853BDE1002AE5E8 /* Build configuration list for PBXProject "TableCollectionView" */ = {
			isa = XCConfigurationList;
			buildConfigurations = (
				65F75EA82853BDE3002AE5E8 /* Debug */,
				65F75EA92853BDE3002AE5E8 /* Release */,
			);
			defaultConfigurationIsVisible = 0;
			defaultConfigurationName = Release;
		};
		65F75EAA2853BDE3002AE5E8 /* Build configuration list for PBXNativeTarget "TableCollectionView" */ = {
			isa = XCConfigurationList;
			buildConfigurations = (
				65F75EAB2853BDE3002AE5E8 /* Debug */,
				65F75EAC2853BDE3002AE5E8 /* Release */,
			);
			defaultConfigurationIsVisible = 0;
			defaultConfigurationName = Release;
		};
/* End XCConfigurationList section */
	};
	rootObject = 65F75E8B2853BDE1002AE5E8 /* Project object */;
}
